
Microsoft Visual Studio Solution File, Format Version 12.00
# Visual Studio Version 17
VisualStudioVersion = 17.2.32616.157
MinimumVisualStudioVersion = 10.0.40219.1
Project("{FAE04EC0-301F-11D3-BF4B-00C04F79EFBC}") = "lab5", "lab5\lab5.csproj", "{EB56FC0E-3A23-4D70-9037-20B6EB6AC68B}"
EndProject
Global
	GlobalSection(SolutionConfigurationPlatforms) = preSolution
		Debug|Any CPU = Debug|Any CPU
		Release|Any CPU = Release|Any CPU
	EndGlobalSection
	GlobalSection(ProjectConfigurationPlatforms) = postSolution
		{EB56FC0E-3A23-4D70-9037-20B6EB6AC68B}.Debug|Any CPU.ActiveCfg = Debug|Any CPU
		{EB56FC0E-3A23-4D70-9037-20B6EB6AC68B}.Debug|Any CPU.Build.0 = Debug|Any CPU
		{EB56FC0E-3A23-4D70-9037-20B6EB6AC68B}.Release|Any CPU.ActiveCfg = Release|Any CPU
		{EB56FC0E-3A23-4D70-9037-20B6EB6AC68B}.Release|Any CPU.Build.0 = Release|Any CPU
	EndGlobalSection
	GlobalSection(SolutionProperties) = preSolution
		HideSolutionNode = FALSE
	EndGlobalSection
	GlobalSection(ExtensibilityGlobals) = postSolution
		SolutionGuid = {468BBA5B-1E6B-42B1-B069-0613DC99AE26}
	EndGlobalSection
EndGlobal
